[[package]]
category = "main"
description = "PyTorch implementation of BERT score"
name = "bert-score"
optional = false
python-versions = ">=3.6"
version = "0.3.5"

[package.dependencies]
matplotlib = "*"
numpy = "*"
pandas = ">=1.0.1"
requests = "*"
torch = ">=1.0.0"
tqdm = ">=4.31.1"
transformers = ">=3.0.0"

[[package]]
category = "main"
description = "Python package for providing Mozilla's CA Bundle."
name = "certifi"
optional = false
python-versions = "*"
version = "2020.6.20"

[[package]]
category = "main"
description = "Universal encoding detector for Python 2 and 3"
name = "chardet"
optional = false
python-versions = "*"
version = "3.0.4"

[[package]]
category = "main"
description = "Composable command line interface toolkit"
name = "click"
optional = false
python-versions = ">=2.7, !=3.0.*, !=3.1.*, !=3.2.*, !=3.3.*, !=3.4.*"
version = "7.1.2"

[[package]]
category = "main"
description = "Composable style cycles"
name = "cycler"
optional = false
python-versions = "*"
version = "0.10.0"

[package.dependencies]
six = "*"

[[package]]
category = "main"
description = "serialize all of python"
name = "dill"
optional = false
python-versions = ">=2.6, !=3.0.*"
version = "0.3.2"

[package.extras]
graph = ["objgraph (>=1.7.2)"]

[[package]]
category = "main"
description = "A platform independent file lock."
name = "filelock"
optional = false
python-versions = "*"
version = "3.0.12"

[[package]]
category = "main"
description = "Clean single-source support for Python 3 and 2"
name = "future"
optional = false
python-versions = ">=2.6, !=3.0.*, !=3.1.*, !=3.2.*"
version = "0.18.2"

[[package]]
category = "main"
description = "Internationalized Domain Names in Applications (IDNA)"
name = "idna"
optional = false
python-versions = ">=2.7, !=3.0.*, !=3.1.*, !=3.2.*, !=3.3.*"
version = "2.10"

[[package]]
category = "main"
description = "Lightweight pipelining: using Python functions as pipeline jobs."
name = "joblib"
optional = false
python-versions = ">=3.6"
version = "0.16.0"

[[package]]
category = "main"
description = "A fast implementation of the Cassowary constraint solver"
name = "kiwisolver"
optional = false
python-versions = ">=3.6"
version = "1.2.0"

[[package]]
category = "main"
description = "Python plotting package"
name = "matplotlib"
optional = false
python-versions = ">=3.6"
version = "3.3.1"

[package.dependencies]
certifi = ">=2020.06.20"
cycler = ">=0.10"
kiwisolver = ">=1.0.1"
numpy = ">=1.15"
pillow = ">=6.2.0"
pyparsing = ">=2.0.3,<2.0.4 || >2.0.4,<2.1.2 || >2.1.2,<2.1.6 || >2.1.6"
python-dateutil = ">=2.1"

[[package]]
category = "main"
description = "HuggingFace/NLP is an open library of NLP datasets."
name = "nlp"
optional = false
python-versions = "*"
version = "0.4.0"

[package.dependencies]
dill = "*"
filelock = "*"
numpy = "*"
pandas = "*"
pyarrow = ">=0.16.0"
requests = ">=2.19.0"
tqdm = ">=4.27"
xxhash = "*"

[package.extras]
apache-beam = ["apache-beam"]
dev = ["apache-beam", "absl-py", "bs4", "elasticsearch", "faiss-cpu", "langdetect", "mwparserfromhell", "nltk", "pytest", "pytest-xdist", "tensorflow", "torch", "tldextract", "zstandard", "black", "isort", "flake8 (3.7.9)"]
docs = ["recommonmark", "sphinx", "sphinx-markdown-tables", "sphinx-rtd-theme (0.4.3)", "sphinx-copybutton"]
quality = ["black", "isort", "flake8 (3.7.9)"]
tensorflow = ["tensorflow (>=2.2.0)"]
tensorflow_gpu = ["tensorflow-gpu (>=2.2.0)"]
tests = ["apache-beam", "absl-py", "bs4", "elasticsearch", "faiss-cpu", "langdetect", "mwparserfromhell", "nltk", "pytest", "pytest-xdist", "tensorflow", "torch", "tldextract", "zstandard"]
torch = ["torch"]

[[package]]
category = "main"
description = "NumPy is the fundamental package for array computing with Python."
name = "numpy"
optional = false
python-versions = ">=3.6"
version = "1.19.1"

[[package]]
category = "main"
description = "Core utilities for Python packages"
name = "packaging"
optional = false
python-versions = ">=2.7, !=3.0.*, !=3.1.*, !=3.2.*, !=3.3.*"
version = "20.4"

[package.dependencies]
pyparsing = ">=2.0.2"
six = "*"

[[package]]
category = "main"
description = "Powerful data structures for data analysis, time series, and statistics"
name = "pandas"
optional = false
python-versions = ">=3.6.1"
version = "1.1.0"

[package.dependencies]
numpy = ">=1.15.4"
python-dateutil = ">=2.7.3"
pytz = ">=2017.2"

[package.extras]
test = ["pytest (>=4.0.2)", "pytest-xdist", "hypothesis (>=3.58)"]

[[package]]
category = "main"
description = "Python Imaging Library (Fork)"
name = "pillow"
optional = false
python-versions = ">=3.5"
version = "7.2.0"

[[package]]
category = "main"
description = "Python library for Apache Arrow"
name = "pyarrow"
optional = false
python-versions = ">=3.5"
version = "1.0.0"

[package.dependencies]
numpy = ">=1.14"

[[package]]
category = "main"
description = "Python parsing module"
name = "pyparsing"
optional = false
python-versions = ">=2.6, !=3.0.*, !=3.1.*, !=3.2.*"
version = "2.4.7"

[[package]]
category = "main"
description = "Extensions to the standard Python datetime module"
name = "python-dateutil"
optional = false
python-versions = "!=3.0.*,!=3.1.*,!=3.2.*,>=2.7"
version = "2.8.1"

[package.dependencies]
six = ">=1.5"

[[package]]
category = "main"
description = "World timezone definitions, modern and historical"
name = "pytz"
optional = false
python-versions = "*"
version = "2020.1"

[[package]]
category = "main"
description = "Alternative regular expression module, to replace re."
name = "regex"
optional = false
python-versions = "*"
version = "2020.7.14"

[[package]]
category = "main"
description = "Python HTTP for Humans."
name = "requests"
optional = false
python-versions = ">=2.7, !=3.0.*, !=3.1.*, !=3.2.*, !=3.3.*, !=3.4.*"
version = "2.24.0"

[package.dependencies]
certifi = ">=2017.4.17"
chardet = ">=3.0.2,<4"
idna = ">=2.5,<3"
urllib3 = ">=1.21.1,<1.25.0 || >1.25.0,<1.25.1 || >1.25.1,<1.26"

[package.extras]
security = ["pyOpenSSL (>=0.14)", "cryptography (>=1.3.4)"]
socks = ["PySocks (>=1.5.6,<1.5.7 || >1.5.7)", "win-inet-pton"]

[[package]]
category = "main"
description = "SacreMoses"
name = "sacremoses"
optional = false
python-versions = "*"
version = "0.0.43"

[package.dependencies]
click = "*"
joblib = "*"
regex = "*"
six = "*"
tqdm = "*"

[[package]]
category = "main"
description = "SentencePiece python wrapper"
name = "sentencepiece"
optional = false
python-versions = "*"
version = "0.1.91"

[[package]]
category = "main"
description = "Python 2 and 3 compatibility utilities"
name = "six"
optional = false
python-versions = ">=2.7, !=3.0.*, !=3.1.*, !=3.2.*"
version = "1.15.0"

[[package]]
category = "main"
description = "Fast and Customizable Tokenizers"
name = "tokenizers"
optional = false
python-versions = "*"
version = "0.8.1rc1"

[package.extras]
testing = ["pytest"]

[[package]]
category = "main"
description = "Tensors and Dynamic neural networks in Python with strong GPU acceleration"
name = "torch"
optional = false
python-versions = ">=3.6.1"
version = "1.6.0"

[package.dependencies]
future = "*"
numpy = "*"

[[package]]
category = "main"
description = "Fast, Extensible Progress Meter"
name = "tqdm"
optional = false
python-versions = ">=2.6, !=3.0.*, !=3.1.*"
version = "4.48.2"

[package.extras]
dev = ["py-make (>=0.1.0)", "twine", "argopt", "pydoc-markdown"]

[[package]]
category = "main"
description = "State-of-the-art Natural Language Processing for TensorFlow 2.0 and PyTorch"
name = "transformers"
optional = false
python-versions = ">=3.6.0"
version = "3.0.2"

[package.dependencies]
filelock = "*"
numpy = "*"
packaging = "*"
regex = "!=2019.12.17"
requests = "*"
sacremoses = "*"
sentencepiece = "!=0.1.92"
tokenizers = "0.8.1.rc1"
tqdm = ">=4.27"

[package.extras]
all = ["pydantic", "uvicorn", "fastapi", "starlette", "tensorflow", "torch"]
dev = ["pytest", "pytest-xdist", "timeout-decorator", "psutil", "black", "isort", "flake8", "mecab-python3 (<1)", "scikit-learn", "tensorflow", "torch"]
docs = ["recommonmark", "sphinx", "sphinx-markdown-tables", "sphinx-rtd-theme (0.4.3)", "sphinx-copybutton"]
mecab = ["mecab-python3 (<1)"]
quality = ["black", "isort", "flake8"]
serving = ["pydantic", "uvicorn", "fastapi", "starlette"]
sklearn = ["scikit-learn"]
testing = ["pytest", "pytest-xdist", "timeout-decorator", "psutil"]
tf = ["tensorflow", "onnxconverter-common", "keras2onnx"]
tf-cpu = ["tensorflow-cpu", "onnxconverter-common", "keras2onnx"]
torch = ["torch"]

[[package]]
category = "main"
description = "HTTP library with thread-safe connection pooling, file post, and more."
name = "urllib3"
optional = false
python-versions = ">=2.7, !=3.0.*, !=3.1.*, !=3.2.*, !=3.3.*, !=3.4.*, <4"
version = "1.25.10"

[package.extras]
brotli = ["brotlipy (>=0.6.0)"]
secure = ["certifi", "cryptography (>=1.3.4)", "idna (>=2.0.0)", "pyOpenSSL (>=0.14)", "ipaddress"]
socks = ["PySocks (>=1.5.6,<1.5.7 || >1.5.7,<2.0)"]

[[package]]
category = "main"
description = "Python binding for xxHash"
name = "xxhash"
optional = false
python-versions = ">=2.6, !=3.0.*, !=3.1.*, !=3.2.*"
version = "2.0.0"

[metadata]
content-hash = "d4208789e0b704a4320dae0c5f7e53f6f26a08dd1413b059d8ade11693df9193"
lock-version = "1.0"
python-versions = "^3.7"

[metadata.files]
bert-score = [
    {file = "bert_score-0.3.5-py3-none-any.whl", hash = "sha256:8699b101667ab464c79d9eec3c156fbbdc144037955fb794e878586f2e3f6a22"},
    {file = "bert_score-0.3.5.tar.gz", hash = "sha256:a91f7b16261b7fd24b267860621393458a48d4f88f45f64ce368592a1bb04af9"},
]
certifi = [
    {file = "certifi-2020.6.20-py2.py3-none-any.whl", hash = "sha256:8fc0819f1f30ba15bdb34cceffb9ef04d99f420f68eb75d901e9560b8749fc41"},
    {file = "certifi-2020.6.20.tar.gz", hash = "sha256:5930595817496dd21bb8dc35dad090f1c2cd0adfaf21204bf6732ca5d8ee34d3"},
]
chardet = [
    {file = "chardet-3.0.4-py2.py3-none-any.whl", hash = "sha256:fc323ffcaeaed0e0a02bf4d117757b98aed530d9ed4531e3e15460124c106691"},
    {file = "chardet-3.0.4.tar.gz", hash = "sha256:84ab92ed1c4d4f16916e05906b6b75a6c0fb5db821cc65e70cbd64a3e2a5eaae"},
]
click = [
    {file = "click-7.1.2-py2.py3-none-any.whl", hash = "sha256:dacca89f4bfadd5de3d7489b7c8a566eee0d3676333fbb50030263894c38c0dc"},
    {file = "click-7.1.2.tar.gz", hash = "sha256:d2b5255c7c6349bc1bd1e59e08cd12acbbd63ce649f2588755783aa94dfb6b1a"},
]
cycler = [
    {file = "cycler-0.10.0-py2.py3-none-any.whl", hash = "sha256:1d8a5ae1ff6c5cf9b93e8811e581232ad8920aeec647c37316ceac982b08cb2d"},
    {file = "cycler-0.10.0.tar.gz", hash = "sha256:cd7b2d1018258d7247a71425e9f26463dfb444d411c39569972f4ce586b0c9d8"},
]
dill = [
    {file = "dill-0.3.2.zip", hash = "sha256:6e12da0d8e49c220e8d6e97ee8882002e624f1160289ce85ec2cc0a5246b3a2e"},
]
filelock = [
    {file = "filelock-3.0.12-py3-none-any.whl", hash = "sha256:929b7d63ec5b7d6b71b0fa5ac14e030b3f70b75747cef1b10da9b879fef15836"},
    {file = "filelock-3.0.12.tar.gz", hash = "sha256:18d82244ee114f543149c66a6e0c14e9c4f8a1044b5cdaadd0f82159d6a6ff59"},
]
future = [
    {file = "future-0.18.2.tar.gz", hash = "sha256:b1bead90b70cf6ec3f0710ae53a525360fa360d306a86583adc6bf83a4db537d"},
]
idna = [
    {file = "idna-2.10-py2.py3-none-any.whl", hash = "sha256:b97d804b1e9b523befed77c48dacec60e6dcb0b5391d57af6a65a312a90648c0"},
    {file = "idna-2.10.tar.gz", hash = "sha256:b307872f855b18632ce0c21c5e45be78c0ea7ae4c15c828c20788b26921eb3f6"},
]
joblib = [
    {file = "joblib-0.16.0-py3-none-any.whl", hash = "sha256:d348c5d4ae31496b2aa060d6d9b787864dd204f9480baaa52d18850cb43e9f49"},
    {file = "joblib-0.16.0.tar.gz", hash = "sha256:8f52bf24c64b608bf0b2563e0e47d6fcf516abc8cfafe10cfd98ad66d94f92d6"},
]
kiwisolver = [
    {file = "kiwisolver-1.2.0-cp36-cp36m-macosx_10_9_x86_64.whl", hash = "sha256:443c2320520eda0a5b930b2725b26f6175ca4453c61f739fef7a5847bd262f74"},
    {file = "kiwisolver-1.2.0-cp36-cp36m-manylinux1_i686.whl", hash = "sha256:efcf3397ae1e3c3a4a0a0636542bcad5adad3b1dd3e8e629d0b6e201347176c8"},
    {file = "kiwisolver-1.2.0-cp36-cp36m-manylinux1_x86_64.whl", hash = "sha256:fccefc0d36a38c57b7bd233a9b485e2f1eb71903ca7ad7adacad6c28a56d62d2"},
    {file = "kiwisolver-1.2.0-cp36-cp36m-manylinux2014_aarch64.whl", hash = "sha256:be046da49fbc3aa9491cc7296db7e8d27bcf0c3d5d1a40259c10471b014e4e0c"},
    {file = "kiwisolver-1.2.0-cp36-none-win32.whl", hash = "sha256:60a78858580761fe611d22127868f3dc9f98871e6fdf0a15cc4203ed9ba6179b"},
    {file = "kiwisolver-1.2.0-cp36-none-win_amd64.whl", hash = "sha256:556da0a5f60f6486ec4969abbc1dd83cf9b5c2deadc8288508e55c0f5f87d29c"},
    {file = "kiwisolver-1.2.0-cp37-cp37m-macosx_10_9_x86_64.whl", hash = "sha256:7cc095a4661bdd8a5742aaf7c10ea9fac142d76ff1770a0f84394038126d8fc7"},
    {file = "kiwisolver-1.2.0-cp37-cp37m-manylinux1_i686.whl", hash = "sha256:c955791d80e464da3b471ab41eb65cf5a40c15ce9b001fdc5bbc241170de58ec"},
    {file = "kiwisolver-1.2.0-cp37-cp37m-manylinux1_x86_64.whl", hash = "sha256:603162139684ee56bcd57acc74035fceed7dd8d732f38c0959c8bd157f913fec"},
    {file = "kiwisolver-1.2.0-cp37-cp37m-manylinux2014_aarch64.whl", hash = "sha256:63f55f490b958b6299e4e5bdac66ac988c3d11b7fafa522800359075d4fa56d1"},
    {file = "kiwisolver-1.2.0-cp37-none-win32.whl", hash = "sha256:03662cbd3e6729f341a97dd2690b271e51a67a68322affab12a5b011344b973c"},
    {file = "kiwisolver-1.2.0-cp37-none-win_amd64.whl", hash = "sha256:4eadb361baf3069f278b055e3bb53fa189cea2fd02cb2c353b7a99ebb4477ef1"},
    {file = "kiwisolver-1.2.0-cp38-cp38-macosx_10_9_x86_64.whl", hash = "sha256:c31bc3c8e903d60a1ea31a754c72559398d91b5929fcb329b1c3a3d3f6e72113"},
    {file = "kiwisolver-1.2.0-cp38-cp38-manylinux1_i686.whl", hash = "sha256:d52b989dc23cdaa92582ceb4af8d5bcc94d74b2c3e64cd6785558ec6a879793e"},
    {file = "kiwisolver-1.2.0-cp38-cp38-manylinux1_x86_64.whl", hash = "sha256:e586b28354d7b6584d8973656a7954b1c69c93f708c0c07b77884f91640b7657"},
    {file = "kiwisolver-1.2.0-cp38-cp38-manylinux2014_aarch64.whl", hash = "sha256:38d05c9ecb24eee1246391820ed7137ac42a50209c203c908154782fced90e44"},
    {file = "kiwisolver-1.2.0-cp38-none-win32.whl", hash = "sha256:d069ef4b20b1e6b19f790d00097a5d5d2c50871b66d10075dab78938dc2ee2cf"},
    {file = "kiwisolver-1.2.0-cp38-none-win_amd64.whl", hash = "sha256:18d749f3e56c0480dccd1714230da0f328e6e4accf188dd4e6884bdd06bf02dd"},
    {file = "kiwisolver-1.2.0.tar.gz", hash = "sha256:247800260cd38160c362d211dcaf4ed0f7816afb5efe56544748b21d6ad6d17f"},
]
matplotlib = [
    {file = "matplotlib-3.3.1-cp36-cp36m-macosx_10_9_x86_64.whl", hash = "sha256:282f8a077a1217f9f2ac178596f27c1ae94abbc6e7b785e1b8f25e83918e9199"},
    {file = "matplotlib-3.3.1-cp36-cp36m-manylinux1_i686.whl", hash = "sha256:83ae7261f4d5ab387be2caee29c4f499b1566f31c8ac97a0b8ab61afd9e3da92"},
    {file = "matplotlib-3.3.1-cp36-cp36m-manylinux1_x86_64.whl", hash = "sha256:1f9cf2b8500b833714a193cb24281153f5072d55b2e486009f1e81f0b7da3410"},
    {file = "matplotlib-3.3.1-cp36-cp36m-win32.whl", hash = "sha256:0dc15e1ad84ec06bf0c315e6c4c2cced13a21ce4c2b4955bb75097064a4b1e92"},
    {file = "matplotlib-3.3.1-cp36-cp36m-win_amd64.whl", hash = "sha256:ffbae66e2db70dc330cb3299525f97e1c0efdfc763e04e1a4e08f968c7ad21f0"},
    {file = "matplotlib-3.3.1-cp37-cp37m-macosx_10_9_x86_64.whl", hash = "sha256:88c6ab4a32a7447dad236b8371612aaba5c967d632ff11999e0478dd687f2c58"},
    {file = "matplotlib-3.3.1-cp37-cp37m-manylinux1_i686.whl", hash = "sha256:cc2d6b47c8fee89da982a312b54949ec0cd6a7976a8cafb5b62dea6c9883a14d"},
    {file = "matplotlib-3.3.1-cp37-cp37m-manylinux1_x86_64.whl", hash = "sha256:636c6330a7dcb18bac114dbeaff314fbbb0c11682f9a9601de69a50e331d18d7"},
    {file = "matplotlib-3.3.1-cp37-cp37m-win32.whl", hash = "sha256:73a493e340064e8fe03207d9333b68baca30d9f0da543ae4af6b6b4f13f0fe05"},
    {file = "matplotlib-3.3.1-cp37-cp37m-win_amd64.whl", hash = "sha256:6739b6cd9278d5cb337df0bd4400ad37bbd04c6dc7aa2c65e1e83a02bc4cc6fd"},
    {file = "matplotlib-3.3.1-cp38-cp38-macosx_10_9_x86_64.whl", hash = "sha256:79f0c4730ad422ecb6bda814c9a9b375df36d6bd5a49eaa14e92e5f5e3e95ac3"},
    {file = "matplotlib-3.3.1-cp38-cp38-manylinux1_i686.whl", hash = "sha256:e4d6d3afc454b4afc0d9d0ed52a8fa40a1b0d8f33c8e143e49a5833a7e32266b"},
    {file = "matplotlib-3.3.1-cp38-cp38-manylinux1_x86_64.whl", hash = "sha256:96a5e667308dbf45670370d9dffb974e73b15bac0df0b5f3fb0b0ac7a572290e"},
    {file = "matplotlib-3.3.1-cp38-cp38-win32.whl", hash = "sha256:bd8fceaa3494b531d43b6206966ba15705638137fc2dc5da5ee560cf9476867b"},
    {file = "matplotlib-3.3.1-cp38-cp38-win_amd64.whl", hash = "sha256:1507c2a8e4662f6fa1d3ecc760782b158df8a3244ecc21c1d8dbb1cd0b3f872e"},
    {file = "matplotlib-3.3.1-pp36-pypy36_pp73-macosx_10_9_x86_64.whl", hash = "sha256:2c3619ec2a5ead430a4536ebf8c77ea55d8ce36418919f831d35bc657ed5f27e"},
    {file = "matplotlib-3.3.1-pp36-pypy36_pp73-manylinux2010_x86_64.whl", hash = "sha256:9703bc00a94a94c4e94b2ea0fbfbc9d2bb21159733134639fd931b6606c5c47e"},
    {file = "matplotlib-3.3.1.tar.gz", hash = "sha256:87f53bcce90772f942c2db56736788b39332d552461a5cb13f05ff45c1680f0e"},
]
nlp = [
    {file = "nlp-0.4.0-py3-none-any.whl", hash = "sha256:a7335eb3939133d29dfefb507260b3b069bd7bcc662661ad026ff1404545a96c"},
    {file = "nlp-0.4.0.tar.gz", hash = "sha256:0aa6bc966ffc2d2be7248bd71f258360281cd717c10811e1b55bb2fa50bf79d4"},
]
numpy = [
    {file = "numpy-1.19.1-cp36-cp36m-macosx_10_9_x86_64.whl", hash = "sha256:b1cca51512299841bf69add3b75361779962f9cee7d9ee3bb446d5982e925b69"},
    {file = "numpy-1.19.1-cp36-cp36m-manylinux1_i686.whl", hash = "sha256:c9591886fc9cbe5532d5df85cb8e0cc3b44ba8ce4367bd4cf1b93dc19713da72"},
    {file = "numpy-1.19.1-cp36-cp36m-manylinux1_x86_64.whl", hash = "sha256:cf1347450c0b7644ea142712619533553f02ef23f92f781312f6a3553d031fc7"},
    {file = "numpy-1.19.1-cp36-cp36m-manylinux2010_i686.whl", hash = "sha256:ed8a311493cf5480a2ebc597d1e177231984c818a86875126cfd004241a73c3e"},
    {file = "numpy-1.19.1-cp36-cp36m-manylinux2010_x86_64.whl", hash = "sha256:3673c8b2b29077f1b7b3a848794f8e11f401ba0b71c49fbd26fb40b71788b132"},
    {file = "numpy-1.19.1-cp36-cp36m-manylinux2014_aarch64.whl", hash = "sha256:56ef7f56470c24bb67fb43dae442e946a6ce172f97c69f8d067ff8550cf782ff"},
    {file = "numpy-1.19.1-cp36-cp36m-win32.whl", hash = "sha256:aaf42a04b472d12515debc621c31cf16c215e332242e7a9f56403d814c744624"},
    {file = "numpy-1.19.1-cp36-cp36m-win_amd64.whl", hash = "sha256:082f8d4dd69b6b688f64f509b91d482362124986d98dc7dc5f5e9f9b9c3bb983"},
    {file = "numpy-1.19.1-cp37-cp37m-macosx_10_9_x86_64.whl", hash = "sha256:e4f6d3c53911a9d103d8ec9518190e52a8b945bab021745af4939cfc7c0d4a9e"},
    {file = "numpy-1.19.1-cp37-cp37m-manylinux1_i686.whl", hash = "sha256:5b6885c12784a27e957294b60f97e8b5b4174c7504665333c5e94fbf41ae5d6a"},
    {file = "numpy-1.19.1-cp37-cp37m-manylinux1_x86_64.whl", hash = "sha256:1bc0145999e8cb8aed9d4e65dd8b139adf1919e521177f198529687dbf613065"},
    {file = "numpy-1.19.1-cp37-cp37m-manylinux2010_i686.whl", hash = "sha256:5a936fd51049541d86ccdeef2833cc89a18e4d3808fe58a8abeb802665c5af93"},
    {file = "numpy-1.19.1-cp37-cp37m-manylinux2010_x86_64.whl", hash = "sha256:ef71a1d4fd4858596ae80ad1ec76404ad29701f8ca7cdcebc50300178db14dfc"},
    {file = "numpy-1.19.1-cp37-cp37m-manylinux2014_aarch64.whl", hash = "sha256:b9792b0ac0130b277536ab8944e7b754c69560dac0415dd4b2dbd16b902c8954"},
    {file = "numpy-1.19.1-cp37-cp37m-win32.whl", hash = "sha256:b12e639378c741add21fbffd16ba5ad25c0a1a17cf2b6fe4288feeb65144f35b"},
    {file = "numpy-1.19.1-cp37-cp37m-win_amd64.whl", hash = "sha256:8343bf67c72e09cfabfab55ad4a43ce3f6bf6e6ced7acf70f45ded9ebb425055"},
    {file = "numpy-1.19.1-cp38-cp38-macosx_10_9_x86_64.whl", hash = "sha256:e45f8e981a0ab47103181773cc0a54e650b2aef8c7b6cd07405d0fa8d869444a"},
    {file = "numpy-1.19.1-cp38-cp38-manylinux1_i686.whl", hash = "sha256:667c07063940e934287993366ad5f56766bc009017b4a0fe91dbd07960d0aba7"},
    {file = "numpy-1.19.1-cp38-cp38-manylinux1_x86_64.whl", hash = "sha256:480fdd4dbda4dd6b638d3863da3be82873bba6d32d1fc12ea1b8486ac7b8d129"},
    {file = "numpy-1.19.1-cp38-cp38-manylinux2010_i686.whl", hash = "sha256:935c27ae2760c21cd7354402546f6be21d3d0c806fffe967f745d5f2de5005a7"},
    {file = "numpy-1.19.1-cp38-cp38-manylinux2010_x86_64.whl", hash = "sha256:309cbcfaa103fc9a33ec16d2d62569d541b79f828c382556ff072442226d1968"},
    {file = "numpy-1.19.1-cp38-cp38-manylinux2014_aarch64.whl", hash = "sha256:7ed448ff4eaffeb01094959b19cbaf998ecdee9ef9932381420d514e446601cd"},
    {file = "numpy-1.19.1-cp38-cp38-win32.whl", hash = "sha256:de8b4a9b56255797cbddb93281ed92acbc510fb7b15df3f01bd28f46ebc4edae"},
    {file = "numpy-1.19.1-cp38-cp38-win_amd64.whl", hash = "sha256:92feb989b47f83ebef246adabc7ff3b9a59ac30601c3f6819f8913458610bdcc"},
    {file = "numpy-1.19.1-pp36-pypy36_pp73-manylinux2010_x86_64.whl", hash = "sha256:e1b1dc0372f530f26a03578ac75d5e51b3868b9b76cd2facba4c9ee0eb252ab1"},
    {file = "numpy-1.19.1.zip", hash = "sha256:b8456987b637232602ceb4d663cb34106f7eb780e247d51a260b84760fd8f491"},
]
packaging = [
    {file = "packaging-20.4-py2.py3-none-any.whl", hash = "sha256:998416ba6962ae7fbd6596850b80e17859a5753ba17c32284f67bfff33784181"},
    {file = "packaging-20.4.tar.gz", hash = "sha256:4357f74f47b9c12db93624a82154e9b120fa8293699949152b22065d556079f8"},
]
pandas = [
    {file = "pandas-1.1.0-cp36-cp36m-macosx_10_9_x86_64.whl", hash = "sha256:47a03bfef80d6812c91ed6fae43f04f2fa80a4e1b82b35aa4d9002e39529e0b8"},
    {file = "pandas-1.1.0-cp36-cp36m-manylinux1_i686.whl", hash = "sha256:0210f8fe19c2667a3817adb6de2c4fd92b1b78e1975ca60c0efa908e0985cbdb"},
    {file = "pandas-1.1.0-cp36-cp36m-manylinux1_x86_64.whl", hash = "sha256:35db623487f00d9392d8af44a24516d6cb9f274afaf73cfcfe180b9c54e007d2"},
    {file = "pandas-1.1.0-cp36-cp36m-win32.whl", hash = "sha256:4d1a806252001c5db7caecbe1a26e49a6c23421d85a700960f6ba093112f54a1"},
    {file = "pandas-1.1.0-cp36-cp36m-win_amd64.whl", hash = "sha256:9f61cca5262840ff46ef857d4f5f65679b82188709d0e5e086a9123791f721c8"},
    {file = "pandas-1.1.0-cp37-cp37m-macosx_10_9_x86_64.whl", hash = "sha256:182a5aeae319df391c3df4740bb17d5300dcd78034b17732c12e62e6dd79e4a4"},
    {file = "pandas-1.1.0-cp37-cp37m-manylinux1_i686.whl", hash = "sha256:40ec0a7f611a3d00d3c666c4cceb9aa3f5bf9fbd81392948a93663064f527203"},
    {file = "pandas-1.1.0-cp37-cp37m-manylinux1_x86_64.whl", hash = "sha256:16504f915f1ae424052f1e9b7cd2d01786f098fbb00fa4e0f69d42b22952d798"},
    {file = "pandas-1.1.0-cp37-cp37m-win32.whl", hash = "sha256:fc714895b6de6803ac9f661abb316853d0cd657f5d23985222255ad76ccedc25"},
    {file = "pandas-1.1.0-cp37-cp37m-win_amd64.whl", hash = "sha256:a15835c8409d5edc50b4af93be3377b5dd3eb53517e7f785060df1f06f6da0e2"},
    {file = "pandas-1.1.0-cp38-cp38-macosx_10_9_x86_64.whl", hash = "sha256:0bc440493cf9dc5b36d5d46bbd5508f6547ba68b02a28234cd8e81fdce42744d"},
    {file = "pandas-1.1.0-cp38-cp38-manylinux1_i686.whl", hash = "sha256:4b21d46728f8a6be537716035b445e7ef3a75dbd30bd31aa1b251323219d853e"},
    {file = "pandas-1.1.0-cp38-cp38-manylinux1_x86_64.whl", hash = "sha256:0227e3a6e3a22c0e283a5041f1e3064d78fbde811217668bb966ed05386d8a7e"},
    {file = "pandas-1.1.0-cp38-cp38-win32.whl", hash = "sha256:ed60848caadeacecefd0b1de81b91beff23960032cded0ac1449242b506a3b3f"},
    {file = "pandas-1.1.0-cp38-cp38-win_amd64.whl", hash = "sha256:60e20a4ab4d4fec253557d0fc9a4e4095c37b664f78c72af24860c8adcd07088"},
    {file = "pandas-1.1.0.tar.gz", hash = "sha256:b39508562ad0bb3f384b0db24da7d68a2608b9ddc85b1d931ccaaa92d5e45273"},
]
pillow = [
    {file = "Pillow-7.2.0-cp35-cp35m-macosx_10_10_intel.whl", hash = "sha256:1ca594126d3c4def54babee699c055a913efb01e106c309fa6b04405d474d5ae"},
    {file = "Pillow-7.2.0-cp35-cp35m-manylinux1_i686.whl", hash = "sha256:c92302a33138409e8f1ad16731568c55c9053eee71bb05b6b744067e1b62380f"},
    {file = "Pillow-7.2.0-cp35-cp35m-manylinux1_x86_64.whl", hash = "sha256:8dad18b69f710bf3a001d2bf3afab7c432785d94fcf819c16b5207b1cfd17d38"},
    {file = "Pillow-7.2.0-cp35-cp35m-manylinux2014_aarch64.whl", hash = "sha256:431b15cffbf949e89df2f7b48528be18b78bfa5177cb3036284a5508159492b5"},
    {file = "Pillow-7.2.0-cp35-cp35m-win32.whl", hash = "sha256:09d7f9e64289cb40c2c8d7ad674b2ed6105f55dc3b09aa8e4918e20a0311e7ad"},
    {file = "Pillow-7.2.0-cp35-cp35m-win_amd64.whl", hash = "sha256:0295442429645fa16d05bd567ef5cff178482439c9aad0411d3f0ce9b88b3a6f"},
    {file = "Pillow-7.2.0-cp36-cp36m-macosx_10_10_x86_64.whl", hash = "sha256:ec29604081f10f16a7aea809ad42e27764188fc258b02259a03a8ff7ded3808d"},
    {file = "Pillow-7.2.0-cp36-cp36m-manylinux1_i686.whl", hash = "sha256:612cfda94e9c8346f239bf1a4b082fdd5c8143cf82d685ba2dba76e7adeeb233"},
    {file = "Pillow-7.2.0-cp36-cp36m-manylinux1_x86_64.whl", hash = "sha256:0a80dd307a5d8440b0a08bd7b81617e04d870e40a3e46a32d9c246e54705e86f"},
    {file = "Pillow-7.2.0-cp36-cp36m-manylinux2014_aarch64.whl", hash = "sha256:06aba4169e78c439d528fdeb34762c3b61a70813527a2c57f0540541e9f433a8"},
    {file = "Pillow-7.2.0-cp36-cp36m-win32.whl", hash = "sha256:f7e30c27477dffc3e85c2463b3e649f751789e0f6c8456099eea7ddd53be4a8a"},
    {file = "Pillow-7.2.0-cp36-cp36m-win_amd64.whl", hash = "sha256:ffe538682dc19cc542ae7c3e504fdf54ca7f86fb8a135e59dd6bc8627eae6cce"},
    {file = "Pillow-7.2.0-cp37-cp37m-macosx_10_10_x86_64.whl", hash = "sha256:94cf49723928eb6070a892cb39d6c156f7b5a2db4e8971cb958f7b6b104fb4c4"},
    {file = "Pillow-7.2.0-cp37-cp37m-manylinux1_i686.whl", hash = "sha256:6edb5446f44d901e8683ffb25ebdfc26988ee813da3bf91e12252b57ac163727"},
    {file = "Pillow-7.2.0-cp37-cp37m-manylinux1_x86_64.whl", hash = "sha256:52125833b070791fcb5710fabc640fc1df07d087fc0c0f02d3661f76c23c5b8b"},
    {file = "Pillow-7.2.0-cp37-cp37m-manylinux2014_aarch64.whl", hash = "sha256:9ad7f865eebde135d526bb3163d0b23ffff365cf87e767c649550964ad72785d"},
    {file = "Pillow-7.2.0-cp37-cp37m-win32.whl", hash = "sha256:c79f9c5fb846285f943aafeafda3358992d64f0ef58566e23484132ecd8d7d63"},
    {file = "Pillow-7.2.0-cp37-cp37m-win_amd64.whl", hash = "sha256:d350f0f2c2421e65fbc62690f26b59b0bcda1b614beb318c81e38647e0f673a1"},
    {file = "Pillow-7.2.0-cp38-cp38-macosx_10_10_x86_64.whl", hash = "sha256:6d7741e65835716ceea0fd13a7d0192961212fd59e741a46bbed7a473c634ed6"},
    {file = "Pillow-7.2.0-cp38-cp38-manylinux1_i686.whl", hash = "sha256:edf31f1150778abd4322444c393ab9c7bd2af271dd4dafb4208fb613b1f3cdc9"},
    {file = "Pillow-7.2.0-cp38-cp38-manylinux1_x86_64.whl", hash = "sha256:d08b23fdb388c0715990cbc06866db554e1822c4bdcf6d4166cf30ac82df8c41"},
    {file = "Pillow-7.2.0-cp38-cp38-manylinux2014_aarch64.whl", hash = "sha256:5e51ee2b8114def244384eda1c82b10e307ad9778dac5c83fb0943775a653cd8"},
    {file = "Pillow-7.2.0-cp38-cp38-win32.whl", hash = "sha256:725aa6cfc66ce2857d585f06e9519a1cc0ef6d13f186ff3447ab6dff0a09bc7f"},
    {file = "Pillow-7.2.0-cp38-cp38-win_amd64.whl", hash = "sha256:a060cf8aa332052df2158e5a119303965be92c3da6f2d93b6878f0ebca80b2f6"},
    {file = "Pillow-7.2.0-pp36-pypy36_pp73-macosx_10_10_x86_64.whl", hash = "sha256:9c87ef410a58dd54b92424ffd7e28fd2ec65d2f7fc02b76f5e9b2067e355ebf6"},
    {file = "Pillow-7.2.0-pp36-pypy36_pp73-manylinux2010_x86_64.whl", hash = "sha256:e901964262a56d9ea3c2693df68bc9860b8bdda2b04768821e4c44ae797de117"},
    {file = "Pillow-7.2.0-pp36-pypy36_pp73-win32.whl", hash = "sha256:25930fadde8019f374400f7986e8404c8b781ce519da27792cbe46eabec00c4d"},
    {file = "Pillow-7.2.0.tar.gz", hash = "sha256:97f9e7953a77d5a70f49b9a48da7776dc51e9b738151b22dacf101641594a626"},
]
pyarrow = [
    {file = "pyarrow-1.0.0-cp35-cp35m-macosx_10_9_intel.whl", hash = "sha256:b0a5b9490f22a4dfe116c5a7505c243dce4fe55039bf678491ec5c90aa64dfa0"},
    {file = "pyarrow-1.0.0-cp35-cp35m-manylinux1_x86_64.whl", hash = "sha256:102ad13fe783a20adb1018b2dda3409b3dbb6ed5e69071421b82c5340fe6f2ed"},
    {file = "pyarrow-1.0.0-cp35-cp35m-manylinux2010_x86_64.whl", hash = "sha256:e6293aa8b0c1c7cdb980580b16af7e40f5d0acbdffe367c3aa6509c98b188650"},
    {file = "pyarrow-1.0.0-cp35-cp35m-manylinux2014_x86_64.whl", hash = "sha256:8bcbccc103b485d6b871ce139dadf6aa0daa3b254bc628acc2b4607109dccccb"},
    {file = "pyarrow-1.0.0-cp35-cp35m-win_amd64.whl", hash = "sha256:a0b7dcb72d9670de1a6da397c9903d6819a82677a05ff1dd3790c3277fccb584"},
    {file = "pyarrow-1.0.0-cp36-cp36m-macosx_10_9_intel.whl", hash = "sha256:f1f01a6d7d0e8a05f0515fb0dd0a71e444d1de3634d45bbc70decd02652f6491"},
    {file = "pyarrow-1.0.0-cp36-cp36m-manylinux1_x86_64.whl", hash = "sha256:00c169f72b060f399db00b8dba81354f2b4c7545f3ef13c4d89a204d5db4c4b0"},
    {file = "pyarrow-1.0.0-cp36-cp36m-manylinux2010_x86_64.whl", hash = "sha256:e57f172124063d324821611c32089d825262de73a3a77de20dc8ecfa66939b08"},
    {file = "pyarrow-1.0.0-cp36-cp36m-manylinux2014_x86_64.whl", hash = "sha256:52de1830ca6a3dfd4f3acbb6574316a10cf42a5c26828718f532a178d09248b4"},
    {file = "pyarrow-1.0.0-cp36-cp36m-win_amd64.whl", hash = "sha256:0c145a407e2bd9e7efb5f8a537411241efcc3165f69cc5564040fcdeb20c41c3"},
    {file = "pyarrow-1.0.0-cp37-cp37m-macosx_10_9_intel.whl", hash = "sha256:351f95876c5e8908203f3fb833a7f6ddeda452b73e2d4bb8d2034e904000ef52"},
    {file = "pyarrow-1.0.0-cp37-cp37m-manylinux1_x86_64.whl", hash = "sha256:1e9ed98a1b215d046763c2d1a12408a2aea4bc28d54a22fa528674be99b293c1"},
    {file = "pyarrow-1.0.0-cp37-cp37m-manylinux2010_x86_64.whl", hash = "sha256:0f2519e5c0c300e3c8414e3dc41d0fb42406e1c8333ac4b32196004572f1cd8d"},
    {file = "pyarrow-1.0.0-cp37-cp37m-manylinux2014_x86_64.whl", hash = "sha256:62d3d06daea7faa25f9319ae6c22991c3bbea0c7df4054dc18cf7239bb75c691"},
    {file = "pyarrow-1.0.0-cp37-cp37m-win_amd64.whl", hash = "sha256:142d4cb8eaeb432422d21c02395547d32a332386ee00b76254641073b6acef6c"},
    {file = "pyarrow-1.0.0-cp38-cp38-macosx_10_9_x86_64.whl", hash = "sha256:4b1222003c8dd3e0c5063af5cddec7ad329071eb14067a5c3c6d83e131b3d18b"},
    {file = "pyarrow-1.0.0-cp38-cp38-manylinux1_x86_64.whl", hash = "sha256:aed94ad4034984fc9a527e27a7035df2805cd17e3bc17befb86dd138f667055c"},
    {file = "pyarrow-1.0.0-cp38-cp38-manylinux2010_x86_64.whl", hash = "sha256:5c8fd00e72ccf76de75beaf4c413f25d9516610b23090c74be4fc871e570cf22"},
    {file = "pyarrow-1.0.0-cp38-cp38-manylinux2014_x86_64.whl", hash = "sha256:affc0731016dd74d13b040e76d983eb45f1870df231f0f61b3fe44988cdbb44c"},
    {file = "pyarrow-1.0.0-cp38-cp38-win_amd64.whl", hash = "sha256:f0a0439890f8d11afca36e756747877d864e1cbd774dd7f75ba3e871719fa5e6"},
]
pyparsing = [
    {file = "pyparsing-2.4.7-py2.py3-none-any.whl", hash = "sha256:ef9d7589ef3c200abe66653d3f1ab1033c3c419ae9b9bdb1240a85b024efc88b"},
    {file = "pyparsing-2.4.7.tar.gz", hash = "sha256:c203ec8783bf771a155b207279b9bccb8dea02d8f0c9e5f8ead507bc3246ecc1"},
]
python-dateutil = [
    {file = "python-dateutil-2.8.1.tar.gz", hash = "sha256:73ebfe9dbf22e832286dafa60473e4cd239f8592f699aa5adaf10050e6e1823c"},
    {file = "python_dateutil-2.8.1-py2.py3-none-any.whl", hash = "sha256:75bb3f31ea686f1197762692a9ee6a7550b59fc6ca3a1f4b5d7e32fb98e2da2a"},
]
pytz = [
    {file = "pytz-2020.1-py2.py3-none-any.whl", hash = "sha256:a494d53b6d39c3c6e44c3bec237336e14305e4f29bbf800b599253057fbb79ed"},
    {file = "pytz-2020.1.tar.gz", hash = "sha256:c35965d010ce31b23eeb663ed3cc8c906275d6be1a34393a1d73a41febf4a048"},
]
regex = [
    {file = "regex-2020.7.14-cp27-cp27m-win32.whl", hash = "sha256:e46d13f38cfcbb79bfdb2964b0fe12561fe633caf964a77a5f8d4e45fe5d2ef7"},
    {file = "regex-2020.7.14-cp27-cp27m-win_amd64.whl", hash = "sha256:6961548bba529cac7c07af2fd4d527c5b91bb8fe18995fed6044ac22b3d14644"},
    {file = "regex-2020.7.14-cp36-cp36m-manylinux1_i686.whl", hash = "sha256:c50a724d136ec10d920661f1442e4a8b010a4fe5aebd65e0c2241ea41dbe93dc"},
    {file = "regex-2020.7.14-cp36-cp36m-manylinux1_x86_64.whl", hash = "sha256:8a51f2c6d1f884e98846a0a9021ff6861bdb98457879f412fdc2b42d14494067"},
    {file = "regex-2020.7.14-cp36-cp36m-manylinux2010_i686.whl", hash = "sha256:9c568495e35599625f7b999774e29e8d6b01a6fb684d77dee1f56d41b11b40cd"},
    {file = "regex-2020.7.14-cp36-cp36m-manylinux2010_x86_64.whl", hash = "sha256:51178c738d559a2d1071ce0b0f56e57eb315bcf8f7d4cf127674b533e3101f88"},
    {file = "regex-2020.7.14-cp36-cp36m-win32.whl", hash = "sha256:9eddaafb3c48e0900690c1727fba226c4804b8e6127ea409689c3bb492d06de4"},
    {file = "regex-2020.7.14-cp36-cp36m-win_amd64.whl", hash = "sha256:14a53646369157baa0499513f96091eb70382eb50b2c82393d17d7ec81b7b85f"},
    {file = "regex-2020.7.14-cp37-cp37m-manylinux1_i686.whl", hash = "sha256:1269fef3167bb52631ad4fa7dd27bf635d5a0790b8e6222065d42e91bede4162"},
    {file = "regex-2020.7.14-cp37-cp37m-manylinux1_x86_64.whl", hash = "sha256:d0a5095d52b90ff38592bbdc2644f17c6d495762edf47d876049cfd2968fbccf"},
    {file = "regex-2020.7.14-cp37-cp37m-manylinux2010_i686.whl", hash = "sha256:4c037fd14c5f4e308b8370b447b469ca10e69427966527edcab07f52d88388f7"},
    {file = "regex-2020.7.14-cp37-cp37m-manylinux2010_x86_64.whl", hash = "sha256:bc3d98f621898b4a9bc7fecc00513eec8f40b5b83913d74ccb445f037d58cd89"},
    {file = "regex-2020.7.14-cp37-cp37m-win32.whl", hash = "sha256:46bac5ca10fb748d6c55843a931855e2727a7a22584f302dd9bb1506e69f83f6"},
    {file = "regex-2020.7.14-cp37-cp37m-win_amd64.whl", hash = "sha256:0dc64ee3f33cd7899f79a8d788abfbec168410be356ed9bd30bbd3f0a23a7204"},
    {file = "regex-2020.7.14-cp38-cp38-manylinux1_i686.whl", hash = "sha256:5ea81ea3dbd6767873c611687141ec7b06ed8bab43f68fad5b7be184a920dc99"},
    {file = "regex-2020.7.14-cp38-cp38-manylinux1_x86_64.whl", hash = "sha256:bbb332d45b32df41200380fff14712cb6093b61bd142272a10b16778c418e98e"},
    {file = "regex-2020.7.14-cp38-cp38-manylinux2010_i686.whl", hash = "sha256:c11d6033115dc4887c456565303f540c44197f4fc1a2bfb192224a301534888e"},
    {file = "regex-2020.7.14-cp38-cp38-manylinux2010_x86_64.whl", hash = "sha256:75aaa27aa521a182824d89e5ab0a1d16ca207318a6b65042b046053cfc8ed07a"},
    {file = "regex-2020.7.14-cp38-cp38-win32.whl", hash = "sha256:d6cff2276e502b86a25fd10c2a96973fdb45c7a977dca2138d661417f3728341"},
    {file = "regex-2020.7.14-cp38-cp38-win_amd64.whl", hash = "sha256:7a2dd66d2d4df34fa82c9dc85657c5e019b87932019947faece7983f2089a840"},
    {file = "regex-2020.7.14.tar.gz", hash = "sha256:3a3af27a8d23143c49a3420efe5b3f8cf1a48c6fc8bc6856b03f638abc1833bb"},
]
requests = [
    {file = "requests-2.24.0-py2.py3-none-any.whl", hash = "sha256:fe75cc94a9443b9246fc7049224f75604b113c36acb93f87b80ed42c44cbb898"},
    {file = "requests-2.24.0.tar.gz", hash = "sha256:b3559a131db72c33ee969480840fff4bb6dd111de7dd27c8ee1f820f4f00231b"},
]
sacremoses = [
    {file = "sacremoses-0.0.43.tar.gz", hash = "sha256:123c1bf2664351fb05e16f87d3786dbe44a050cfd7b85161c09ad9a63a8e2948"},
]
sentencepiece = [
    {file = "sentencepiece-0.1.91-cp27-cp27m-macosx_10_6_x86_64.whl", hash = "sha256:f2f109514b28326d5c6d69b43ba6b08e6fedf8fc77416b9a9c16be55c9ac138d"},
    {file = "sentencepiece-0.1.91-cp27-cp27m-manylinux1_i686.whl", hash = "sha256:b3643634e043fd7a5914d51d7dc60003dad0af976b8496df0406a487b0b83a8e"},
    {file = "sentencepiece-0.1.91-cp27-cp27m-manylinux1_x86_64.whl", hash = "sha256:21a2e9f476f0c3e45da1e5da00b7ec5241bbddb524bd7b1b3d61b1bcbc05efa6"},
    {file = "sentencepiece-0.1.91-cp27-cp27mu-manylinux1_i686.whl", hash = "sha256:30224b1f77af9cef79ffe3a40ed0e536be44df75c066f771e9e769b48379bd98"},
    {file = "sentencepiece-0.1.91-cp27-cp27mu-manylinux1_x86_64.whl", hash = "sha256:679fcdd01e01d990950a46a814210445f2202260d092d3b69f9826739d8aed2b"},
    {file = "sentencepiece-0.1.91-cp35-cp35m-macosx_10_6_x86_64.whl", hash = "sha256:123ac26429025b3153f8bae53d044e9dd29539e888dcb9f39a4982e6daf9dbe9"},
    {file = "sentencepiece-0.1.91-cp35-cp35m-manylinux1_i686.whl", hash = "sha256:53f4a91c8a6b55a75caad70d9f34bf331a576e9708c549729b06412c857aacb9"},
    {file = "sentencepiece-0.1.91-cp35-cp35m-manylinux1_x86_64.whl", hash = "sha256:f1c0cf36fcff4a3ea8925babc3ed7f5f3d58628e062b24f9fad92c400bc9210c"},
    {file = "sentencepiece-0.1.91-cp36-cp36m-macosx_10_6_x86_64.whl", hash = "sha256:c0b01bb8ab3b62aba76d6b0851a1d0fcf5df5ef5616f114ea85917d8ab5f59db"},
    {file = "sentencepiece-0.1.91-cp36-cp36m-manylinux1_i686.whl", hash = "sha256:70b4164c98dba43246a068c848fab5ac9966b5bcd731ee4cb9bcf6ae976389a4"},
    {file = "sentencepiece-0.1.91-cp36-cp36m-manylinux1_x86_64.whl", hash = "sha256:b858805ac3c6d92e5454a89476b1f9e0505e1511276cd258d5a70776c70374f1"},
    {file = "sentencepiece-0.1.91-cp36-cp36m-win32.whl", hash = "sha256:8bbb9173168d53165ba00172a5db7734e4826c30e6ffc4b3f8a6098713f6111d"},
    {file = "sentencepiece-0.1.91-cp36-cp36m-win_amd64.whl", hash = "sha256:51c25d504beeef4c697b8f55e2baf7c6b31733a190ff9b983a6db57faa59d3d8"},
    {file = "sentencepiece-0.1.91-cp37-cp37m-macosx_10_6_x86_64.whl", hash = "sha256:a04218f1b93b5669f3cee1dc8d6c397428e2f6af8843a20ddb2b629f6a86e632"},
    {file = "sentencepiece-0.1.91-cp37-cp37m-manylinux1_i686.whl", hash = "sha256:7fcda06cab76136346dd279268664c65f0b66bb2147ceb97e2cec25b426e8210"},
    {file = "sentencepiece-0.1.91-cp37-cp37m-manylinux1_x86_64.whl", hash = "sha256:3b4175a9d883a3b27436d51cb82794e3a62d0955bb36cc96d5d7932095c13135"},
    {file = "sentencepiece-0.1.91-cp37-cp37m-win32.whl", hash = "sha256:f0b383de68604195fe806072e7c8837eb5156455dfdb18fd26a9a94df3f57d42"},
    {file = "sentencepiece-0.1.91-cp37-cp37m-win_amd64.whl", hash = "sha256:82d819eb1e997b39424d7422aa885d2ef514f754dd2935a4f4fcfdedeee955c6"},
    {file = "sentencepiece-0.1.91-cp38-cp38-macosx_10_6_x86_64.whl", hash = "sha256:f331fd58f438d5d5476d189e9a4944c84f7e4b027533809292b9c119b58e43b8"},
    {file = "sentencepiece-0.1.91-cp38-cp38-manylinux1_i686.whl", hash = "sha256:79ad2f82b412859c516b569fb89b5e5c0ceba74d71c8d4b99cc8a2c734f3c79d"},
    {file = "sentencepiece-0.1.91-cp38-cp38-manylinux1_x86_64.whl", hash = "sha256:796726d680d6c26f0f4ff213a0f6b1ef790b02071268adf5f449739c1c903f93"},
    {file = "sentencepiece-0.1.91-cp38-cp38-win32.whl", hash = "sha256:9bdff324279359598a516de8413fd2c62bc3c9c8f569f4431829599fbe57e417"},
    {file = "sentencepiece-0.1.91-cp38-cp38-win_amd64.whl", hash = "sha256:c2a004470d388272d6c17ca160ef73d6ea1ffcddc345771d817ece5c85d85dcb"},
    {file = "sentencepiece-0.1.91.tar.gz", hash = "sha256:f9700cf607ea064d9fad34c751fbf49953dcc56fe68c54b277481aa0aec5c18f"},
]
six = [
    {file = "six-1.15.0-py2.py3-none-any.whl", hash = "sha256:8b74bedcbbbaca38ff6d7491d76f2b06b3592611af620f8426e82dddb04a5ced"},
    {file = "six-1.15.0.tar.gz", hash = "sha256:30639c035cdb23534cd4aa2dd52c3bf48f06e5f4a941509c8bafd8ce11080259"},
]
tokenizers = [
    {file = "tokenizers-0.8.1rc1-cp35-cp35m-macosx_10_10_x86_64.whl", hash = "sha256:49f421fe35695aebe010180923e28044035ff8099d211ce736772cb9de685d6e"},
    {file = "tokenizers-0.8.1rc1-cp35-cp35m-manylinux1_x86_64.whl", hash = "sha256:9a1b06d64822d74ced767a584812034386133e1cd11a7330ac1b59ce2c807dd2"},
    {file = "tokenizers-0.8.1rc1-cp35-cp35m-win32.whl", hash = "sha256:206ee9d10d46415eca527055d7468f6ad43fe5cf5f4629dbcb0674e621bf193a"},
    {file = "tokenizers-0.8.1rc1-cp35-cp35m-win_amd64.whl", hash = "sha256:8fb9657b43baa7230c15db7cf1d040914580431342a0e16c3cb2f8f682745654"},
    {file = "tokenizers-0.8.1rc1-cp36-cp36m-macosx_10_10_x86_64.whl", hash = "sha256:ef206a95d89133f30e918c7f7a5c5e123fb8a1f6471362df08131dded3539002"},
    {file = "tokenizers-0.8.1rc1-cp36-cp36m-manylinux1_x86_64.whl", hash = "sha256:49dec8c6cb1fcbd3f0c997ec1f31a7ef83285c2e12855bd80c8009c3d9d66126"},
    {file = "tokenizers-0.8.1rc1-cp36-cp36m-win32.whl", hash = "sha256:6191f3d707a865e57cd211dd91076b66039c1b0f580d5dfe71e0c84d146614a4"},
    {file = "tokenizers-0.8.1rc1-cp36-cp36m-win_amd64.whl", hash = "sha256:210fc91ff4dfaf43b558f958fa0edbfe98724c2a6cbba25ffe4477ca941cfeaa"},
    {file = "tokenizers-0.8.1rc1-cp37-cp37m-macosx_10_10_x86_64.whl", hash = "sha256:b211e4837e709fbf36612ac8821406d4b29dde311b58ffbc609e229665759605"},
    {file = "tokenizers-0.8.1rc1-cp37-cp37m-manylinux1_x86_64.whl", hash = "sha256:b108431ef2e0375c28339266886719cfc2431494047fd682dd7c72c5795e08f9"},
    {file = "tokenizers-0.8.1rc1-cp37-cp37m-win32.whl", hash = "sha256:39a989338cb77c3897340b977b0db1e75b59b98bd0c10182fa2f8901233049f0"},
    {file = "tokenizers-0.8.1rc1-cp37-cp37m-win_amd64.whl", hash = "sha256:f8239f602f636c0d3727925a9686362d05477d1dcef4bfa9d097d40dfc53ffd3"},
    {file = "tokenizers-0.8.1rc1-cp38-cp38-macosx_10_10_x86_64.whl", hash = "sha256:76dd23a1eaae5f9ed0deda05b5361a979c11ac621a901e729227564d0936383f"},
    {file = "tokenizers-0.8.1rc1-cp38-cp38-manylinux1_x86_64.whl", hash = "sha256:da0a7c7df84805315f732e471eb7ae25be50f07f53042202aeb36ecc23244730"},
    {file = "tokenizers-0.8.1rc1-cp38-cp38-win32.whl", hash = "sha256:6ef5fb622383b437ec71412f2457211f330286abc35953ba150a7f58ebee217b"},
    {file = "tokenizers-0.8.1rc1-cp38-cp38-win_amd64.whl", hash = "sha256:6b8fe503a38afe67085accc433ce3692c002d3c48baf20e67a3e93b558b96597"},
    {file = "tokenizers-0.8.1rc1.tar.gz", hash = "sha256:98af43fa61f1fc0ade954102d3d34e02df3c6f896315500865b93400f93dd99e"},
]
torch = [
    {file = "torch-1.6.0-cp36-cp36m-manylinux1_x86_64.whl", hash = "sha256:7669f4d923b5758e28b521ea749c795ed67ff24b45ba20296bc8cff706d08df8"},
    {file = "torch-1.6.0-cp36-none-macosx_10_9_x86_64.whl", hash = "sha256:728facb972a5952323c6d790c2c5922b2b35c44b0bc7bdfa02f8639727671a0c"},
    {file = "torch-1.6.0-cp37-cp37m-manylinux1_x86_64.whl", hash = "sha256:87d65c01d1b70bb46070824f28bfd93c86d3c5c56b90cbbe836a3f2491d91c76"},
    {file = "torch-1.6.0-cp37-none-macosx_10_9_x86_64.whl", hash = "sha256:3838bd01af7dfb1f78573973f6842ce75b17e8e4f22be99c891dcb7c94bc13f5"},
    {file = "torch-1.6.0-cp38-cp38-manylinux1_x86_64.whl", hash = "sha256:5357873e243bcfa804c32dc341f564e9a4c12addfc9baae4ee857fcc09a0a216"},
    {file = "torch-1.6.0-cp38-none-macosx_10_9_x86_64.whl", hash = "sha256:4f9a4ad7947cef566afb0a323d99009fe8524f0b0f2ca1fb7ad5de0400381a5b"},
]
tqdm = [
    {file = "tqdm-4.48.2-py2.py3-none-any.whl", hash = "sha256:1a336d2b829be50e46b84668691e0a2719f26c97c62846298dd5ae2937e4d5cf"},
    {file = "tqdm-4.48.2.tar.gz", hash = "sha256:564d632ea2b9cb52979f7956e093e831c28d441c11751682f84c86fc46e4fd21"},
]
transformers = [
    {file = "transformers-3.0.2-py3-none-any.whl", hash = "sha256:53ecfd27839d5ecf38af6978211462d44d76b526edd7b65d84eaa9b29c9610b8"},
    {file = "transformers-3.0.2.tar.gz", hash = "sha256:e3a72bdba426b7202ed90611aa5b1a1f695c484e937182cbbfa9e719a5400d7e"},
]
urllib3 = [
    {file = "urllib3-1.25.10-py2.py3-none-any.whl", hash = "sha256:e7983572181f5e1522d9c98453462384ee92a0be7fac5f1413a1e35c56cc0461"},
    {file = "urllib3-1.25.10.tar.gz", hash = "sha256:91056c15fa70756691db97756772bb1eb9678fa585d9184f24534b100dc60f4a"},
]
xxhash = [
    {file = "xxhash-2.0.0-cp27-cp27m-macosx_10_6_intel.whl", hash = "sha256:df8d1ebdef86bd5d772d81c91d5d111a5ee8e4b68b8fc6b6edfa5aa825dd2a3d"},
    {file = "xxhash-2.0.0-cp27-cp27m-manylinux1_i686.whl", hash = "sha256:f01c59f5bad2e46bb4235b71b36c56be353f08b6d514a3bd0deb9bf56e4b180a"},
    {file = "xxhash-2.0.0-cp27-cp27m-manylinux1_x86_64.whl", hash = "sha256:cb4feeb8881eb89b9ddd0fae797deb078ebdaad6b1ae6c185b9993d241ed365a"},
    {file = "xxhash-2.0.0-cp27-cp27m-manylinux2010_i686.whl", hash = "sha256:2912d7810bcf7e39b3929fb186fe46ff83b1bd4a3d6b7eba956d57fa1516ac0c"},
    {file = "xxhash-2.0.0-cp27-cp27m-manylinux2010_x86_64.whl", hash = "sha256:48b99c55fc643b32f5efca9c35fcaac6ea553958cf503e202c10eb62718e7a0e"},
    {file = "xxhash-2.0.0-cp27-cp27m-win32.whl", hash = "sha256:3221f1a5bc2ee1f150b84a0c4c7cddc7724aaa01460f3353cf63fd667d89f593"},
    {file = "xxhash-2.0.0-cp27-cp27m-win_amd64.whl", hash = "sha256:cba4b6d174b524623ac8b64bda734601d574f95033f87ddf9c495c69a70135e8"},
    {file = "xxhash-2.0.0-cp27-cp27mu-manylinux1_i686.whl", hash = "sha256:b94f13f4f946500f3cc78f11da4ec4b340bd92c5200b5fe4e6aeac96064aa1fd"},
    {file = "xxhash-2.0.0-cp27-cp27mu-manylinux1_x86_64.whl", hash = "sha256:635b1d7fa85d215112f41d089bd113ac139f6a42769fcc49c73e779904160f7f"},
    {file = "xxhash-2.0.0-cp27-cp27mu-manylinux2010_i686.whl", hash = "sha256:0f5f1b9ae8e2cf2ff606018769f7e46147df70291312f64e1b80d10482ca8c0b"},
    {file = "xxhash-2.0.0-cp27-cp27mu-manylinux2010_x86_64.whl", hash = "sha256:8f90deec6567a38e1da29feff36973468691e309b2db8235e64936e61df77c43"},
    {file = "xxhash-2.0.0-cp35-cp35m-macosx_10_6_intel.whl", hash = "sha256:8b7e930a60dfe7380e52466aa27941290dd575a5750c622158c86941797eaa1b"},
    {file = "xxhash-2.0.0-cp35-cp35m-manylinux1_i686.whl", hash = "sha256:44b26872fd63f1eaf1ab527817aebbd455a3fdcbd56ff6df74fd42a6a137cff4"},
    {file = "xxhash-2.0.0-cp35-cp35m-manylinux1_x86_64.whl", hash = "sha256:3d25b540148f1ebf4852e4115f3f4819b585ecd36f121a1f388e8966d69d3a1c"},
    {file = "xxhash-2.0.0-cp35-cp35m-manylinux2010_i686.whl", hash = "sha256:bcd1e9f3ba8df23edefe1d0a886f16b4e27602acbd8575b39540fea26e1aa6d2"},
    {file = "xxhash-2.0.0-cp35-cp35m-manylinux2010_x86_64.whl", hash = "sha256:fc03a399205268815742125b17d967afa9f23b08cdafe185e41368cf7ba9b278"},
    {file = "xxhash-2.0.0-cp35-cp35m-manylinux2014_aarch64.whl", hash = "sha256:bdbc195231c87d63b0503785d9c5264f4275a92da41d9f28fdf08fb321453356"},
    {file = "xxhash-2.0.0-cp35-cp35m-win32.whl", hash = "sha256:7291392bdb1d38c44557dfd3fcd4fd04c363a696dbfa7e6592700a31e4ff6657"},
    {file = "xxhash-2.0.0-cp35-cp35m-win_amd64.whl", hash = "sha256:e0fc170c3a00ca008d992c2e6324da3f1467b30044b5835d2feb27870645d38c"},
    {file = "xxhash-2.0.0-cp36-cp36m-macosx_10_6_intel.whl", hash = "sha256:5b3c0c84187556d463626ceed85f0d735a5b8ea1678da3e858d3934f38f23915"},
    {file = "xxhash-2.0.0-cp36-cp36m-manylinux1_i686.whl", hash = "sha256:2f0ca6673fcbae988389576a779c00a62a28718a18ddc7b2e5b32d7fb30c6f98"},
    {file = "xxhash-2.0.0-cp36-cp36m-manylinux1_x86_64.whl", hash = "sha256:d1859d54837af16ae2a7975477e619793ac698a374d909f533e317c3b384b223"},
    {file = "xxhash-2.0.0-cp36-cp36m-manylinux2010_i686.whl", hash = "sha256:9d0311fcd78dabe04ab3b4034659628b00ac220e77e37648f73aebbf4cb13680"},
    {file = "xxhash-2.0.0-cp36-cp36m-manylinux2010_x86_64.whl", hash = "sha256:0ecea927fd3df8f3f3a1d6e5bc85838eb44a69ea2f4c9263dfd0f68c4e17e483"},
    {file = "xxhash-2.0.0-cp36-cp36m-manylinux2014_aarch64.whl", hash = "sha256:4167f22b037e128820f7642ecc1fbf1b4b4956346093a2e75081bee82b9cfb7e"},
    {file = "xxhash-2.0.0-cp36-cp36m-win32.whl", hash = "sha256:85c5de6c56335b75beef2cba713f95a1b62422be5e27dad30b5083419c6839c4"},
    {file = "xxhash-2.0.0-cp36-cp36m-win_amd64.whl", hash = "sha256:ade1c356acd0b0454a3d3cf42442afe7ad0f46fc944ea1e84720b3858bfdb772"},
    {file = "xxhash-2.0.0-cp37-cp37m-macosx_10_6_intel.whl", hash = "sha256:fca7d0fb6fde33d1ac5f97298f44e711e5fe1b4587832864be8c6545cb072a54"},
    {file = "xxhash-2.0.0-cp37-cp37m-manylinux1_i686.whl", hash = "sha256:e296b0dee072a54c40c04f09ca35bb9902bb74b54f0fffeafabfc937b3ec85f9"},
    {file = "xxhash-2.0.0-cp37-cp37m-manylinux1_x86_64.whl", hash = "sha256:02476c5cef803cfd1350662b1e543e47ad64bd5f7f792033d94d590f9674da11"},
    {file = "xxhash-2.0.0-cp37-cp37m-manylinux2010_i686.whl", hash = "sha256:28c1f0bb6dadc11162d1f2e203d7a12d38b511b87fbb5ffa729594fd456f48e6"},
    {file = "xxhash-2.0.0-cp37-cp37m-manylinux2010_x86_64.whl", hash = "sha256:922ae5b1efa1f9a9cc959f7197113a623ad110853622e990433242a9d8d00d5c"},
    {file = "xxhash-2.0.0-cp37-cp37m-manylinux2014_aarch64.whl", hash = "sha256:7709bc8a5e30c74b07203553f33232531e7739458f72204908cedb08a00bd546"},
    {file = "xxhash-2.0.0-cp37-cp37m-win32.whl", hash = "sha256:fb3c9760598009b1d8bbe57785e278aeb956efb7372d8f9b0bb43cd46f420dff"},
    {file = "xxhash-2.0.0-cp37-cp37m-win_amd64.whl", hash = "sha256:3f29f6d455388cc415fe52c0f63f442aaea674cee35a2252d8d4dc8d640938c6"},
    {file = "xxhash-2.0.0-cp38-cp38-macosx_10_9_x86_64.whl", hash = "sha256:bf360465dc3d24b1501b799c85815c82ddcfc0ffbcba0232968f3a7cd64306fc"},
    {file = "xxhash-2.0.0-cp38-cp38-manylinux1_i686.whl", hash = "sha256:5d2edbb50025a67f061d09d381c54c7d0948c1572f6c9bd15ee238a303d368d9"},
    {file = "xxhash-2.0.0-cp38-cp38-manylinux1_x86_64.whl", hash = "sha256:7943ede91d8aedfcacb7178b2d881b7498145590206ff61c3e84dc66e6a51d6a"},
    {file = "xxhash-2.0.0-cp38-cp38-manylinux2010_i686.whl", hash = "sha256:b5c2edb8b0a2acc5bdac984b3177711f206463b970aa03087221771c2b0d8f1d"},
    {file = "xxhash-2.0.0-cp38-cp38-manylinux2010_x86_64.whl", hash = "sha256:16e4b7d508bb49b6fc84bf077f2f7f51263b5618cc61f33a64ed43786ec2c6cf"},
    {file = "xxhash-2.0.0-cp38-cp38-manylinux2014_aarch64.whl", hash = "sha256:80903d4ce7337921bbc8e5ac695b45691b43c0a00b21964c76e19ea21b9108ea"},
    {file = "xxhash-2.0.0-cp38-cp38-win32.whl", hash = "sha256:e37b25182e969212d5aec60a8da7d1e6a960dbffdb9ba4c63e2240de3605c184"},
    {file = "xxhash-2.0.0-cp38-cp38-win_amd64.whl", hash = "sha256:fabee25186b6649bbf6ff258f23941339902374786f8317b0422144ddaa505df"},
    {file = "xxhash-2.0.0-pp27-pypy_73-manylinux1_x86_64.whl", hash = "sha256:be93004b832717234a7d2f47dc555428ab1e8712f99cad7d212cebe0e27d3d48"},
    {file = "xxhash-2.0.0-pp27-pypy_73-manylinux2010_x86_64.whl", hash = "sha256:1b86f49b36c25ebdbd1b5539d428a37d9051ad49eb576a3edd964a8770bc8f3a"},
    {file = "xxhash-2.0.0-pp27-pypy_73-win32.whl", hash = "sha256:bde4d39997de901d0a66ebd631b34f9cf106676fec0878f36b7baf630cb3965a"},
    {file = "xxhash-2.0.0-pp36-pypy36_pp73-manylinux1_x86_64.whl", hash = "sha256:99b5412a3eddb1aa9aaf36cdbf93be4eca99ad83ff8c692672fdeedc7fb597de"},
    {file = "xxhash-2.0.0-pp36-pypy36_pp73-manylinux2010_x86_64.whl", hash = "sha256:33c4832e689f429539d70baf69162b41dfbabc7f31ca542b5b772cb8a55e7a79"},
    {file = "xxhash-2.0.0-pp36-pypy36_pp73-win32.whl", hash = "sha256:82034c9ed54db20f051133cba01de959b5208fe2900e67ebb4c9631f1fd523fd"},
    {file = "xxhash-2.0.0.tar.gz", hash = "sha256:58ca818554c1476fa1456f6cd4b87002e2294f09baf0f81e5a2a4968e62c423c"},
]
